// !$*UTF8*$!
{
	archiveVersion = 1;
	classes = {
	};
	objectVersion = 56;
	objects = {

/* Begin PBXBuildFile section */
		E95DC3892C5DA4780035FBD6 /* AuthTestView.swift in Sources */ = {isa = PBXBuildFile; fileRef = E95DC3882C5DA4780035FBD6 /* AuthTestView.swift */; };
		E95DC38B2C5E93A70035FBD6 /* LoginView.swift in Sources */ = {isa = PBXBuildFile; fileRef = E95DC38A2C5E93A70035FBD6 /* LoginView.swift */; };
		E95DC38D2C5EDAC30035FBD6 /* VerifyCodeView.swift in Sources */ = {isa = PBXBuildFile; fileRef = E95DC38C2C5EDAC30035FBD6 /* VerifyCodeView.swift */; };
		E95DC3942C5FF5890035FBD6 /* UserManagementPage.swift in Sources */ = {isa = PBXBuildFile; fileRef = E95DC3932C5FF5890035FBD6 /* UserManagementPage.swift */; };
		E95DC3972C5FF5A30035FBD6 /* GuestManagementPage.swift in Sources */ = {isa = PBXBuildFile; fileRef = E95DC3962C5FF5A30035FBD6 /* GuestManagementPage.swift */; };
		E95DC3992C5FF5B20035FBD6 /* HostManagementPage.swift in Sources */ = {isa = PBXBuildFile; fileRef = E95DC3982C5FF5B20035FBD6 /* HostManagementPage.swift */; };
		E95DC39B2C6021790035FBD6 /* StyleComponents.swift in Sources */ = {isa = PBXBuildFile; fileRef = E95DC39A2C6021790035FBD6 /* StyleComponents.swift */; };
		E95DC39D2C602B6F0035FBD6 /* SessionManager.swift in Sources */ = {isa = PBXBuildFile; fileRef = E95DC39C2C602B6F0035FBD6 /* SessionManager.swift */; };
		E95DC39F2C6030480035FBD6 /* SignUpView.swift in Sources */ = {isa = PBXBuildFile; fileRef = E95DC39E2C6030480035FBD6 /* SignUpView.swift */; };
		E95DC3A42C61DF930035FBD6 /* AuthUser.swift in Sources */ = {isa = PBXBuildFile; fileRef = E95DC3A32C61DF930035FBD6 /* AuthUser.swift */; };
		E95DC3A82C7FFAAA0035FBD6 /* PasswordResetView.swift in Sources */ = {isa = PBXBuildFile; fileRef = E95DC3A72C7FFAAA0035FBD6 /* PasswordResetView.swift */; };
		E95DC3AA2C81740D0035FBD6 /* PasswordResetPrompt.swift in Sources */ = {isa = PBXBuildFile; fileRef = E95DC3A92C81740D0035FBD6 /* PasswordResetPrompt.swift */; };
		E979D5422C82994100070658 /* User.swift in Sources */ = {isa = PBXBuildFile; fileRef = E979D5412C82994100070658 /* User.swift */; };
		E979D5442C829CAA00070658 /* ModelData.swift in Sources */ = {isa = PBXBuildFile; fileRef = E979D5432C829CAA00070658 /* ModelData.swift */; };
		E979D5462C829D3900070658 /* HostRow.swift in Sources */ = {isa = PBXBuildFile; fileRef = E979D5452C829D3900070658 /* HostRow.swift */; };
		E979D5482C829EC500070658 /* users.json in Resources */ = {isa = PBXBuildFile; fileRef = E979D5472C829EC500070658 /* users.json */; };
		E979D54A2C82A32200070658 /* HostList.swift in Sources */ = {isa = PBXBuildFile; fileRef = E979D5492C82A32200070658 /* HostList.swift */; };
		E979D54C2C82B1AE00070658 /* hosts.json in Resources */ = {isa = PBXBuildFile; fileRef = E979D54B2C82B1AE00070658 /* hosts.json */; };
		E979D54E2C82B1DC00070658 /* Host.swift in Sources */ = {isa = PBXBuildFile; fileRef = E979D54D2C82B1DC00070658 /* Host.swift */; };
		E979D5502C86901800070658 /* Guest.swift in Sources */ = {isa = PBXBuildFile; fileRef = E979D54F2C86901800070658 /* Guest.swift */; };
		E979D5582C86973400070658 /* guests.json in Resources */ = {isa = PBXBuildFile; fileRef = E979D5572C86973300070658 /* guests.json */; };
		E979D55A2C8698A800070658 /* GuestRow.swift in Sources */ = {isa = PBXBuildFile; fileRef = E979D5592C8698A800070658 /* GuestRow.swift */; };
		E979D55C2C869BEA00070658 /* GuestList.swift in Sources */ = {isa = PBXBuildFile; fileRef = E979D55B2C869BEA00070658 /* GuestList.swift */; };
		E979D55F2C8D530F00070658 /* JWTDecode in Frameworks */ = {isa = PBXBuildFile; productRef = E979D55E2C8D530F00070658 /* JWTDecode */; };
		E979D5662C8D606D00070658 /* PushNotificationTestView.swift in Sources */ = {isa = PBXBuildFile; fileRef = E979D5652C8D606D00070658 /* PushNotificationTestView.swift */; };
		E9F08D7F2B34C33500E3474A /* PartyPushMobileApp.swift in Sources */ = {isa = PBXBuildFile; fileRef = E9F08D7E2B34C33500E3474A /* PartyPushMobileApp.swift */; };
		E9F08D832B34C33700E3474A /* Assets.xcassets in Resources */ = {isa = PBXBuildFile; fileRef = E9F08D822B34C33700E3474A /* Assets.xcassets */; };
		E9F08D862B34C33700E3474A /* Preview Assets.xcassets in Resources */ = {isa = PBXBuildFile; fileRef = E9F08D852B34C33700E3474A /* Preview Assets.xcassets */; };
/* End PBXBuildFile section */

/* Begin PBXFileReference section */
		E95DC3882C5DA4780035FBD6 /* AuthTestView.swift */ = {isa = PBXFileReference; lastKnownFileType = sourcecode.swift; path = AuthTestView.swift; sourceTree = "<group>"; };
		E95DC38A2C5E93A70035FBD6 /* LoginView.swift */ = {isa = PBXFileReference; lastKnownFileType = sourcecode.swift; path = LoginView.swift; sourceTree = "<group>"; };
		E95DC38C2C5EDAC30035FBD6 /* VerifyCodeView.swift */ = {isa = PBXFileReference; lastKnownFileType = sourcecode.swift; path = VerifyCodeView.swift; sourceTree = "<group>"; };
		E95DC3932C5FF5890035FBD6 /* UserManagementPage.swift */ = {isa = PBXFileReference; lastKnownFileType = sourcecode.swift; path = UserManagementPage.swift; sourceTree = "<group>"; };
		E95DC3962C5FF5A30035FBD6 /* GuestManagementPage.swift */ = {isa = PBXFileReference; lastKnownFileType = sourcecode.swift; path = GuestManagementPage.swift; sourceTree = "<group>"; };
		E95DC3982C5FF5B20035FBD6 /* HostManagementPage.swift */ = {isa = PBXFileReference; lastKnownFileType = sourcecode.swift; path = HostManagementPage.swift; sourceTree = "<group>"; };
		E95DC39A2C6021790035FBD6 /* StyleComponents.swift */ = {isa = PBXFileReference; lastKnownFileType = sourcecode.swift; path = StyleComponents.swift; sourceTree = "<group>"; };
		E95DC39C2C602B6F0035FBD6 /* SessionManager.swift */ = {isa = PBXFileReference; lastKnownFileType = sourcecode.swift; path = SessionManager.swift; sourceTree = "<group>"; };
		E95DC39E2C6030480035FBD6 /* SignUpView.swift */ = {isa = PBXFileReference; lastKnownFileType = sourcecode.swift; path = SignUpView.swift; sourceTree = "<group>"; };
		E95DC3A32C61DF930035FBD6 /* AuthUser.swift */ = {isa = PBXFileReference; lastKnownFileType = sourcecode.swift; path = AuthUser.swift; sourceTree = "<group>"; };
		E95DC3A72C7FFAAA0035FBD6 /* PasswordResetView.swift */ = {isa = PBXFileReference; lastKnownFileType = sourcecode.swift; path = PasswordResetView.swift; sourceTree = "<group>"; };
		E95DC3A92C81740D0035FBD6 /* PasswordResetPrompt.swift */ = {isa = PBXFileReference; lastKnownFileType = sourcecode.swift; path = PasswordResetPrompt.swift; sourceTree = "<group>"; };
		E979D5412C82994100070658 /* User.swift */ = {isa = PBXFileReference; lastKnownFileType = sourcecode.swift; path = User.swift; sourceTree = "<group>"; };
		E979D5432C829CAA00070658 /* ModelData.swift */ = {isa = PBXFileReference; lastKnownFileType = sourcecode.swift; path = ModelData.swift; sourceTree = "<group>"; };
		E979D5452C829D3900070658 /* HostRow.swift */ = {isa = PBXFileReference; lastKnownFileType = sourcecode.swift; path = HostRow.swift; sourceTree = "<group>"; };
		E979D5472C829EC500070658 /* users.json */ = {isa = PBXFileReference; fileEncoding = 4; lastKnownFileType = text.json; path = users.json; sourceTree = "<group>"; };
		E979D5492C82A32200070658 /* HostList.swift */ = {isa = PBXFileReference; lastKnownFileType = sourcecode.swift; path = HostList.swift; sourceTree = "<group>"; };
		E979D54B2C82B1AE00070658 /* hosts.json */ = {isa = PBXFileReference; fileEncoding = 4; lastKnownFileType = text.json; path = hosts.json; sourceTree = "<group>"; };
		E979D54D2C82B1DC00070658 /* Host.swift */ = {isa = PBXFileReference; lastKnownFileType = sourcecode.swift; path = Host.swift; sourceTree = "<group>"; };
		E979D54F2C86901800070658 /* Guest.swift */ = {isa = PBXFileReference; lastKnownFileType = sourcecode.swift; path = Guest.swift; sourceTree = "<group>"; };
		E979D5572C86973300070658 /* guests.json */ = {isa = PBXFileReference; fileEncoding = 4; lastKnownFileType = text.json; path = guests.json; sourceTree = "<group>"; };
		E979D5592C8698A800070658 /* GuestRow.swift */ = {isa = PBXFileReference; lastKnownFileType = sourcecode.swift; path = GuestRow.swift; sourceTree = "<group>"; };
		E979D55B2C869BEA00070658 /* GuestList.swift */ = {isa = PBXFileReference; lastKnownFileType = sourcecode.swift; path = GuestList.swift; sourceTree = "<group>"; };
		E979D5602C8D59AE00070658 /* PartyPushMobileApp.entitlements */ = {isa = PBXFileReference; lastKnownFileType = text.plist.entitlements; path = PartyPushMobileApp.entitlements; sourceTree = "<group>"; };
		E979D5652C8D606D00070658 /* PushNotificationTestView.swift */ = {isa = PBXFileReference; lastKnownFileType = sourcecode.swift; path = PushNotificationTestView.swift; sourceTree = "<group>"; };
		E9F08D7B2B34C33500E3474A /* PartyPushMobileApp.app */ = {isa = PBXFileReference; explicitFileType = wrapper.application; includeInIndex = 0; path = PartyPushMobileApp.app; sourceTree = BUILT_PRODUCTS_DIR; };
		E9F08D7E2B34C33500E3474A /* PartyPushMobileApp.swift */ = {isa = PBXFileReference; lastKnownFileType = sourcecode.swift; path = PartyPushMobileApp.swift; sourceTree = "<group>"; };
		E9F08D822B34C33700E3474A /* Assets.xcassets */ = {isa = PBXFileReference; lastKnownFileType = folder.assetcatalog; path = Assets.xcassets; sourceTree = "<group>"; };
		E9F08D852B34C33700E3474A /* Preview Assets.xcassets */ = {isa = PBXFileReference; lastKnownFileType = folder.assetcatalog; path = "Preview Assets.xcassets"; sourceTree = "<group>"; };
/* End PBXFileReference section */

/* Begin PBXFrameworksBuildPhase section */
		E9F08D782B34C33500E3474A /* Frameworks */ = {
			isa = PBXFrameworksBuildPhase;
			buildActionMask = 2147483647;
			files = (
				E979D55F2C8D530F00070658 /* JWTDecode in Frameworks */,
			);
			runOnlyForDeploymentPostprocessing = 0;
		};
/* End PBXFrameworksBuildPhase section */

/* Begin PBXGroup section */
		E95DC3902C5FF4D80035FBD6 /* AuthFlowViews */ = {
			isa = PBXGroup;
			children = (
				E95DC3882C5DA4780035FBD6 /* AuthTestView.swift */,
				E95DC38C2C5EDAC30035FBD6 /* VerifyCodeView.swift */,
				E95DC38A2C5E93A70035FBD6 /* LoginView.swift */,
				E95DC39E2C6030480035FBD6 /* SignUpView.swift */,
				E95DC3A72C7FFAAA0035FBD6 /* PasswordResetView.swift */,
				E95DC3A92C81740D0035FBD6 /* PasswordResetPrompt.swift */,
			);
			path = AuthFlowViews;
			sourceTree = "<group>";
		};
		E95DC3912C5FF5040035FBD6 /* ReusableComponents */ = {
			isa = PBXGroup;
			children = (
				E95DC39A2C6021790035FBD6 /* StyleComponents.swift */,
				E979D5452C829D3900070658 /* HostRow.swift */,
				E979D5492C82A32200070658 /* HostList.swift */,
				E979D5592C8698A800070658 /* GuestRow.swift */,
				E979D55B2C869BEA00070658 /* GuestList.swift */,
			);
			path = ReusableComponents;
			sourceTree = "<group>";
		};
		E95DC3922C5FF5230035FBD6 /* ManagementPages */ = {
			isa = PBXGroup;
			children = (
				E95DC3932C5FF5890035FBD6 /* UserManagementPage.swift */,
				E95DC3962C5FF5A30035FBD6 /* GuestManagementPage.swift */,
				E95DC3982C5FF5B20035FBD6 /* HostManagementPage.swift */,
			);
			path = ManagementPages;
			sourceTree = "<group>";
		};
		E95DC3A22C61DF830035FBD6 /* Models */ = {
			isa = PBXGroup;
			children = (
				E95DC3A32C61DF930035FBD6 /* AuthUser.swift */,
				E979D5412C82994100070658 /* User.swift */,
				E979D5432C829CAA00070658 /* ModelData.swift */,
				E979D54D2C82B1DC00070658 /* Host.swift */,
				E979D54F2C86901800070658 /* Guest.swift */,
			);
			path = Models;
			sourceTree = "<group>";
		};
		E9F08D722B34C33500E3474A = {
			isa = PBXGroup;
			children = (
				E95DC3A22C61DF830035FBD6 /* Models */,
				E9F08D7D2B34C33500E3474A /* PartyPushMobileApp */,
				E9F08D7C2B34C33500E3474A /* Products */,
			);
			sourceTree = "<group>";
		};
		E9F08D7C2B34C33500E3474A /* Products */ = {
			isa = PBXGroup;
			children = (
				E9F08D7B2B34C33500E3474A /* PartyPushMobileApp.app */,
			);
			name = Products;
			sourceTree = "<group>";
		};
		E9F08D7D2B34C33500E3474A /* PartyPushMobileApp */ = {
			isa = PBXGroup;
			children = (
				E979D5602C8D59AE00070658 /* PartyPushMobileApp.entitlements */,
				E9F08D7E2B34C33500E3474A /* PartyPushMobileApp.swift */,
				E95DC39C2C602B6F0035FBD6 /* SessionManager.swift */,
				E9F08D822B34C33700E3474A /* Assets.xcassets */,
				E979D5472C829EC500070658 /* users.json */,
				E979D54B2C82B1AE00070658 /* hosts.json */,
				E979D5572C86973300070658 /* guests.json */,
				E9F08D842B34C33700E3474A /* Preview Content */,
				E95DC3922C5FF5230035FBD6 /* ManagementPages */,
				E95DC3912C5FF5040035FBD6 /* ReusableComponents */,
				E95DC3902C5FF4D80035FBD6 /* AuthFlowViews */,
				E979D5652C8D606D00070658 /* PushNotificationTestView.swift */,
			);
			path = PartyPushMobileApp;
			sourceTree = "<group>";
		};
		E9F08D842B34C33700E3474A /* Preview Content */ = {
			isa = PBXGroup;
			children = (
				E9F08D852B34C33700E3474A /* Preview Assets.xcassets */,
			);
			path = "Preview Content";
			sourceTree = "<group>";
		};
/* End PBXGroup section */

/* Begin PBXNativeTarget section */
		E9F08D7A2B34C33500E3474A /* PartyPushMobileApp */ = {
			isa = PBXNativeTarget;
			buildConfigurationList = E9F08D892B34C33700E3474A /* Build configuration list for PBXNativeTarget "PartyPushMobileApp" */;
			buildPhases = (
				E9F08D772B34C33500E3474A /* Sources */,
				E9F08D782B34C33500E3474A /* Frameworks */,
				E9F08D792B34C33500E3474A /* Resources */,
			);
			buildRules = (
			);
			dependencies = (
			);
			name = PartyPushMobileApp;
			packageProductDependencies = (
				E979D55E2C8D530F00070658 /* JWTDecode */,
			);
			productName = Song_Requester;
			productReference = E9F08D7B2B34C33500E3474A /* PartyPushMobileApp.app */;
			productType = "com.apple.product-type.application";
		};
/* End PBXNativeTarget section */

/* Begin PBXProject section */
		E9F08D732B34C33500E3474A /* Project object */ = {
			isa = PBXProject;
			attributes = {
				BuildIndependentTargetsInParallel = 1;
				LastSwiftUpdateCheck = 1510;
				LastUpgradeCheck = 1510;
				TargetAttributes = {
					E9F08D7A2B34C33500E3474A = {
						CreatedOnToolsVersion = 15.1;
					};
				};
			};
			buildConfigurationList = E9F08D762B34C33500E3474A /* Build configuration list for PBXProject "PartyPushMobileApp" */;
			compatibilityVersion = "Xcode 14.0";
			developmentRegion = en;
			hasScannedForEncodings = 0;
			knownRegions = (
				en,
				Base,
			);
			mainGroup = E9F08D722B34C33500E3474A;
			packageReferences = (
				E979D55D2C8D530F00070658 /* XCRemoteSwiftPackageReference "JWTDecode" */,
			);
			productRefGroup = E9F08D7C2B34C33500E3474A /* Products */;
			projectDirPath = "";
			projectRoot = "";
			targets = (
				E9F08D7A2B34C33500E3474A /* PartyPushMobileApp */,
			);
		};
/* End PBXProject section */

/* Begin PBXResourcesBuildPhase section */
		E9F08D792B34C33500E3474A /* Resources */ = {
			isa = PBXResourcesBuildPhase;
			buildActionMask = 2147483647;
			files = (
				E979D5482C829EC500070658 /* users.json in Resources */,
				E9F08D862B34C33700E3474A /* Preview Assets.xcassets in Resources */,
				E9F08D832B34C33700E3474A /* Assets.xcassets in Resources */,
				E979D5582C86973400070658 /* guests.json in Resources */,
				E979D54C2C82B1AE00070658 /* hosts.json in Resources */,
			);
			runOnlyForDeploymentPostprocessing = 0;
		};
/* End PBXResourcesBuildPhase section */

/* Begin PBXSourcesBuildPhase section */
		E9F08D772B34C33500E3474A /* Sources */ = {
			isa = PBXSourcesBuildPhase;
			buildActionMask = 2147483647;
			files = (
				E95DC3992C5FF5B20035FBD6 /* HostManagementPage.swift in Sources */,
				E979D54A2C82A32200070658 /* HostList.swift in Sources */,
				E95DC3A82C7FFAAA0035FBD6 /* PasswordResetView.swift in Sources */,
				E979D5442C829CAA00070658 /* ModelData.swift in Sources */,
				E95DC38B2C5E93A70035FBD6 /* LoginView.swift in Sources */,
				E95DC3942C5FF5890035FBD6 /* UserManagementPage.swift in Sources */,
				E95DC3892C5DA4780035FBD6 /* AuthTestView.swift in Sources */,
				E95DC39F2C6030480035FBD6 /* SignUpView.swift in Sources */,
				E979D5422C82994100070658 /* User.swift in Sources */,
				E979D55A2C8698A800070658 /* GuestRow.swift in Sources */,
				E95DC39B2C6021790035FBD6 /* StyleComponents.swift in Sources */,
				E9F08D7F2B34C33500E3474A /* PartyPushMobileApp.swift in Sources */,
				E979D5502C86901800070658 /* Guest.swift in Sources */,
				E95DC3972C5FF5A30035FBD6 /* GuestManagementPage.swift in Sources */,
				E95DC39D2C602B6F0035FBD6 /* SessionManager.swift in Sources */,
				E979D55C2C869BEA00070658 /* GuestList.swift in Sources */,
				E95DC3A42C61DF930035FBD6 /* AuthUser.swift in Sources */,
				E979D5662C8D606D00070658 /* PushNotificationTestView.swift in Sources */,
				E95DC38D2C5EDAC30035FBD6 /* VerifyCodeView.swift in Sources */,
				E979D54E2C82B1DC00070658 /* Host.swift in Sources */,
				E95DC3AA2C81740D0035FBD6 /* PasswordResetPrompt.swift in Sources */,
				E979D5462C829D3900070658 /* HostRow.swift in Sources */,
			);
			runOnlyForDeploymentPostprocessing = 0;
		};
/* End PBXSourcesBuildPhase section */

/* Begin XCBuildConfiguration section */
		E9F08D872B34C33700E3474A /* Debug */ = {
			isa = XCBuildConfiguration;
			buildSettings = {
				ALWAYS_SEARCH_USER_PATHS = NO;
				ASSETCATALOG_COMPILER_GENERATE_SWIFT_ASSET_SYMBOL_EXTENSIONS = YES;
				CLANG_ANALYZER_NONNULL = YES;
				CLANG_ANALYZER_NUMBER_OBJECT_CONVERSION = YES_AGGRESSIVE;
				CLANG_CXX_LANGUAGE_STANDARD = "gnu++20";
				CLANG_ENABLE_MODULES = YES;
				CLANG_ENABLE_OBJC_ARC = YES;
				CLANG_ENABLE_OBJC_WEAK = YES;
				CLANG_WARN_BLOCK_CAPTURE_AUTORELEASING = YES;
				CLANG_WARN_BOOL_CONVERSION = YES;
				CLANG_WARN_COMMA = YES;
				CLANG_WARN_CONSTANT_CONVERSION = YES;
				CLANG_WARN_DEPRECATED_OBJC_IMPLEMENTATIONS = YES;
				CLANG_WARN_DIRECT_OBJC_ISA_USAGE = YES_ERROR;
				CLANG_WARN_DOCUMENTATION_COMMENTS = YES;
				CLANG_WARN_EMPTY_BODY = YES;
				CLANG_WARN_ENUM_CONVERSION = YES;
				CLANG_WARN_INFINITE_RECURSION = YES;
				CLANG_WARN_INT_CONVERSION = YES;
				CLANG_WARN_NON_LITERAL_NULL_CONVERSION = YES;
				CLANG_WARN_OBJC_IMPLICIT_RETAIN_SELF = YES;
				CLANG_WARN_OBJC_LITERAL_CONVERSION = YES;
				CLANG_WARN_OBJC_ROOT_CLASS = YES_ERROR;
				CLANG_WARN_QUOTED_INCLUDE_IN_FRAMEWORK_HEADER = YES;
				CLANG_WARN_RANGE_LOOP_ANALYSIS = YES;
				CLANG_WARN_STRICT_PROTOTYPES = YES;
				CLANG_WARN_SUSPICIOUS_MOVE = YES;
				CLANG_WARN_UNGUARDED_AVAILABILITY = YES_AGGRESSIVE;
				CLANG_WARN_UNREACHABLE_CODE = YES;
				CLANG_WARN__DUPLICATE_METHOD_MATCH = YES;
				COPY_PHASE_STRIP = NO;
				DEBUG_INFORMATION_FORMAT = dwarf;
				ENABLE_STRICT_OBJC_MSGSEND = YES;
				ENABLE_TESTABILITY = YES;
				ENABLE_USER_SCRIPT_SANDBOXING = YES;
				GCC_C_LANGUAGE_STANDARD = gnu17;
				GCC_DYNAMIC_NO_PIC = NO;
				GCC_NO_COMMON_BLOCKS = YES;
				GCC_OPTIMIZATION_LEVEL = 0;
				GCC_PREPROCESSOR_DEFINITIONS = (
					"DEBUG=1",
					"$(inherited)",
				);
				GCC_WARN_64_TO_32_BIT_CONVERSION = YES;
				GCC_WARN_ABOUT_RETURN_TYPE = YES_ERROR;
				GCC_WARN_UNDECLARED_SELECTOR = YES;
				GCC_WARN_UNINITIALIZED_AUTOS = YES_AGGRESSIVE;
				GCC_WARN_UNUSED_FUNCTION = YES;
				GCC_WARN_UNUSED_VARIABLE = YES;
				IPHONEOS_DEPLOYMENT_TARGET = 17.2;
				LOCALIZATION_PREFERS_STRING_CATALOGS = YES;
				MTL_ENABLE_DEBUG_INFO = INCLUDE_SOURCE;
				MTL_FAST_MATH = YES;
				ONLY_ACTIVE_ARCH = YES;
				SDKROOT = iphoneos;
				SWIFT_ACTIVE_COMPILATION_CONDITIONS = "DEBUG $(inherited)";
				SWIFT_OPTIMIZATION_LEVEL = "-Onone";
			};
			name = Debug;
		};
		E9F08D882B34C33700E3474A /* Release */ = {
			isa = XCBuildConfiguration;
			buildSettings = {
				ALWAYS_SEARCH_USER_PATHS = NO;
				ASSETCATALOG_COMPILER_GENERATE_SWIFT_ASSET_SYMBOL_EXTENSIONS = YES;
				CLANG_ANALYZER_NONNULL = YES;
				CLANG_ANALYZER_NUMBER_OBJECT_CONVERSION = YES_AGGRESSIVE;
				CLANG_CXX_LANGUAGE_STANDARD = "gnu++20";
				CLANG_ENABLE_MODULES = YES;
				CLANG_ENABLE_OBJC_ARC = YES;
				CLANG_ENABLE_OBJC_WEAK = YES;
				CLANG_WARN_BLOCK_CAPTURE_AUTORELEASING = YES;
				CLANG_WARN_BOOL_CONVERSION = YES;
				CLANG_WARN_COMMA = YES;
				CLANG_WARN_CONSTANT_CONVERSION = YES;
				CLANG_WARN_DEPRECATED_OBJC_IMPLEMENTATIONS = YES;
				CLANG_WARN_DIRECT_OBJC_ISA_USAGE = YES_ERROR;
				CLANG_WARN_DOCUMENTATION_COMMENTS = YES;
				CLANG_WARN_EMPTY_BODY = YES;
				CLANG_WARN_ENUM_CONVERSION = YES;
				CLANG_WARN_INFINITE_RECURSION = YES;
				CLANG_WARN_INT_CONVERSION = YES;
				CLANG_WARN_NON_LITERAL_NULL_CONVERSION = YES;
				CLANG_WARN_OBJC_IMPLICIT_RETAIN_SELF = YES;
				CLANG_WARN_OBJC_LITERAL_CONVERSION = YES;
				CLANG_WARN_OBJC_ROOT_CLASS = YES_ERROR;
				CLANG_WARN_QUOTED_INCLUDE_IN_FRAMEWORK_HEADER = YES;
				CLANG_WARN_RANGE_LOOP_ANALYSIS = YES;
				CLANG_WARN_STRICT_PROTOTYPES = YES;
				CLANG_WARN_SUSPICIOUS_MOVE = YES;
				CLANG_WARN_UNGUARDED_AVAILABILITY = YES_AGGRESSIVE;
				CLANG_WARN_UNREACHABLE_CODE = YES;
				CLANG_WARN__DUPLICATE_METHOD_MATCH = YES;
				COPY_PHASE_STRIP = NO;
				DEBUG_INFORMATION_FORMAT = "dwarf-with-dsym";
				ENABLE_NS_ASSERTIONS = NO;
				ENABLE_STRICT_OBJC_MSGSEND = YES;
				ENABLE_USER_SCRIPT_SANDBOXING = YES;
				GCC_C_LANGUAGE_STANDARD = gnu17;
				GCC_NO_COMMON_BLOCKS = YES;
				GCC_WARN_64_TO_32_BIT_CONVERSION = YES;
				GCC_WARN_ABOUT_RETURN_TYPE = YES_ERROR;
				GCC_WARN_UNDECLARED_SELECTOR = YES;
				GCC_WARN_UNINITIALIZED_AUTOS = YES_AGGRESSIVE;
				GCC_WARN_UNUSED_FUNCTION = YES;
				GCC_WARN_UNUSED_VARIABLE = YES;
				IPHONEOS_DEPLOYMENT_TARGET = 17.2;
				LOCALIZATION_PREFERS_STRING_CATALOGS = YES;
				MTL_ENABLE_DEBUG_INFO = NO;
				MTL_FAST_MATH = YES;
				SDKROOT = iphoneos;
				SWIFT_COMPILATION_MODE = wholemodule;
				VALIDATE_PRODUCT = YES;
			};
			name = Release;
		};
		E9F08D8A2B34C33700E3474A /* Debug */ = {
			isa = XCBuildConfiguration;
			buildSettings = {
				ASSETCATALOG_COMPILER_APPICON_NAME = AppIcon;
				ASSETCATALOG_COMPILER_GLOBAL_ACCENT_COLOR_NAME = AccentColor;
				CODE_SIGN_ENTITLEMENTS = PartyPushMobileApp/PartyPushMobileApp.entitlements;
				CODE_SIGN_STYLE = Automatic;
				CURRENT_PROJECT_VERSION = 1;
				DEVELOPMENT_ASSET_PATHS = "\"PartyPushMobileApp/Preview Content\"";
				DEVELOPMENT_TEAM = 8TRXBFW3M2;
				ENABLE_PREVIEWS = YES;
				GENERATE_INFOPLIST_FILE = YES;
				INFOPLIST_KEY_CFBundleDisplayName = "Party Push";
				INFOPLIST_KEY_UIApplicationSceneManifest_Generation = YES;
				INFOPLIST_KEY_UIApplicationSupportsIndirectInputEvents = YES;
				INFOPLIST_KEY_UILaunchScreen_Generation = YES;
				INFOPLIST_KEY_UISupportedInterfaceOrientations_iPad = "UIInterfaceOrientationPortrait UIInterfaceOrientationPortraitUpsideDown UIInterfaceOrientationLandscapeLeft UIInterfaceOrientationLandscapeRight";
				INFOPLIST_KEY_UISupportedInterfaceOrientations_iPhone = "UIInterfaceOrientationPortrait UIInterfaceOrientationLandscapeLeft UIInterfaceOrientationLandscapeRight";
				LD_RUNPATH_SEARCH_PATHS = (
					"$(inherited)",
					"@executable_path/Frameworks",
				);
				MARKETING_VERSION = 1.0;
				PRODUCT_BUNDLE_IDENTIFIER = vallatventures.PartyPushMobileApp;
				PRODUCT_NAME = "$(TARGET_NAME)";
				SWIFT_EMIT_LOC_STRINGS = YES;
				SWIFT_VERSION = 5.0;
				TARGETED_DEVICE_FAMILY = "1,2";
			};
			name = Debug;
		};
		E9F08D8B2B34C33700E3474A /* Release */ = {
			isa = XCBuildConfiguration;
			buildSettings = {
				ASSETCATALOG_COMPILER_APPICON_NAME = AppIcon;
				ASSETCATALOG_COMPILER_GLOBAL_ACCENT_COLOR_NAME = AccentColor;
				CODE_SIGN_ENTITLEMENTS = PartyPushMobileApp/PartyPushMobileApp.entitlements;
				CODE_SIGN_STYLE = Automatic;
				CURRENT_PROJECT_VERSION = 1;
				DEVELOPMENT_ASSET_PATHS = "\"PartyPushMobileApp/Preview Content\"";
				DEVELOPMENT_TEAM = 8TRXBFW3M2;
				ENABLE_PREVIEWS = YES;
				GENERATE_INFOPLIST_FILE = YES;
				INFOPLIST_KEY_CFBundleDisplayName = "Party Push";
				INFOPLIST_KEY_UIApplicationSceneManifest_Generation = YES;
				INFOPLIST_KEY_UIApplicationSupportsIndirectInputEvents = YES;
				INFOPLIST_KEY_UILaunchScreen_Generation = YES;
				INFOPLIST_KEY_UISupportedInterfaceOrientations_iPad = "UIInterfaceOrientationPortrait UIInterfaceOrientationPortraitUpsideDown UIInterfaceOrientationLandscapeLeft UIInterfaceOrientationLandscapeRight";
				INFOPLIST_KEY_UISupportedInterfaceOrientations_iPhone = "UIInterfaceOrientationPortrait UIInterfaceOrientationLandscapeLeft UIInterfaceOrientationLandscapeRight";
				LD_RUNPATH_SEARCH_PATHS = (
					"$(inherited)",
					"@executable_path/Frameworks",
				);
				MARKETING_VERSION = 1.0;
				PRODUCT_BUNDLE_IDENTIFIER = vallatventures.PartyPushMobileApp;
				PRODUCT_NAME = "$(TARGET_NAME)";
				SWIFT_EMIT_LOC_STRINGS = YES;
				SWIFT_VERSION = 5.0;
				TARGETED_DEVICE_FAMILY = "1,2";
			};
			name = Release;
		};
/* End XCBuildConfiguration section */

/* Begin XCConfigurationList section */
		E9F08D762B34C33500E3474A /* Build configuration list for PBXProject "PartyPushMobileApp" */ = {
			isa = XCConfigurationList;
			buildConfigurations = (
				E9F08D872B34C33700E3474A /* Debug */,
				E9F08D882B34C33700E3474A /* Release */,
			);
			defaultConfigurationIsVisible = 0;
			defaultConfigurationName = Release;
		};
		E9F08D892B34C33700E3474A /* Build configuration list for PBXNativeTarget "PartyPushMobileApp" */ = {
			isa = XCConfigurationList;
			buildConfigurations = (
				E9F08D8A2B34C33700E3474A /* Debug */,
				E9F08D8B2B34C33700E3474A /* Release */,
			);
			defaultConfigurationIsVisible = 0;
			defaultConfigurationName = Release;
		};
/* End XCConfigurationList section */

/* Begin XCRemoteSwiftPackageReference section */
		E979D55D2C8D530F00070658 /* XCRemoteSwiftPackageReference "JWTDecode" */ = {
			isa = XCRemoteSwiftPackageReference;
			repositoryURL = "https://github.com/auth0/JWTDecode.swift";
			requirement = {
				kind = upToNextMajorVersion;
				minimumVersion = 3.1.0;
			};
		};
/* End XCRemoteSwiftPackageReference section */

/* Begin XCSwiftPackageProductDependency section */
		E979D55E2C8D530F00070658 /* JWTDecode */ = {
			isa = XCSwiftPackageProductDependency;
			package = E979D55D2C8D530F00070658 /* XCRemoteSwiftPackageReference "JWTDecode" */;
			productName = JWTDecode;
		};
/* End XCSwiftPackageProductDependency section */
	};
	rootObject = E9F08D732B34C33500E3474A /* Project object */;
}
